// !$*UTF8*$!
{
	archiveVersion = 1;
	classes = {
	};
	objectVersion = 46;
	objects = {

/* Begin PBXBuildFile section */
		3C0654931599069F001A9CB7 /* downconvert.m in Sources */ = {isa = PBXBuildFile; fileRef = 3C0654921599069F001A9CB7 /* downconvert.m */; };
		3C27C4E915813348001FD108 /* Cocoa.framework in Frameworks */ = {isa = PBXBuildFile; fileRef = 3C27C4E815813348001FD108 /* Cocoa.framework */; };
		3C27C4F315813348001FD108 /* InfoPlist.strings in Resources */ = {isa = PBXBuildFile; fileRef = 3C27C4F115813348001FD108 /* InfoPlist.strings */; };
		3C27C4F515813348001FD108 /* main.m in Sources */ = {isa = PBXBuildFile; fileRef = 3C27C4F415813348001FD108 /* main.m */; };
		3C27C4F915813348001FD108 /* Credits.rtf in Resources */ = {isa = PBXBuildFile; fileRef = 3C27C4F715813348001FD108 /* Credits.rtf */; };
		3C27C4FC15813348001FD108 /* CSDRAppDelegate.m in Sources */ = {isa = PBXBuildFile; fileRef = 3C27C4FB15813348001FD108 /* CSDRAppDelegate.m */; };
		3C27C4FF15813348001FD108 /* MainMenu.xib in Resources */ = {isa = PBXBuildFile; fileRef = 3C27C4FD15813348001FD108 /* MainMenu.xib */; };
		3C27C51915816B26001FD108 /* OpenGLController.m in Sources */ = {isa = PBXBuildFile; fileRef = 3C27C51815816B26001FD108 /* OpenGLController.m */; };
		3C27C51D15816B48001FD108 /* CSDRWaterfallView.m in Sources */ = {isa = PBXBuildFile; fileRef = 3C27C51C15816B48001FD108 /* CSDRWaterfallView.m */; };
		3C27C5201581763E001FD108 /* OpenGLView.m in Sources */ = {isa = PBXBuildFile; fileRef = 3C27C51F1581763E001FD108 /* OpenGLView.m */; };
		3C27C52215817A16001FD108 /* OpenGL.framework in Frameworks */ = {isa = PBXBuildFile; fileRef = 3C27C52115817A16001FD108 /* OpenGL.framework */; };
		3C2E3DCF1582C4C3003BB124 /* Accelerate.framework in Frameworks */ = {isa = PBXBuildFile; fileRef = 3C2E3DCE1582C4C3003BB124 /* Accelerate.framework */; };
		3C44EA681604E40B00CF8BFC /* rtl-sdr.framework in Frameworks */ = {isa = PBXBuildFile; fileRef = 3C44EA671604E3F100CF8BFC /* rtl-sdr.framework */; };
		3C44EA6A1604E52C00CF8BFC /* rtl-sdr.framework in CopyFiles */ = {isa = PBXBuildFile; fileRef = 3C44EA671604E3F100CF8BFC /* rtl-sdr.framework */; };
		3C48BB4E15C1F17E0047BA39 /* delegateprobes.d in Sources */ = {isa = PBXBuildFile; fileRef = 3C48BB4D15C1F17E0047BA39 /* delegateprobes.d */; };
		3C4FDB0015ED60B900D4B3AD /* CSDRDemod.m in Sources */ = {isa = PBXBuildFile; fileRef = 3C4FDAFF15ED60B900D4B3AD /* CSDRDemod.m */; };
		3C4FDB0315ED611A00D4B3AD /* CSDRResampler.m in Sources */ = {isa = PBXBuildFile; fileRef = 3C4FDB0215ED611A00D4B3AD /* CSDRResampler.m */; };
		3C4FDB0615ED616400D4B3AD /* CSDRFilter.m in Sources */ = {isa = PBXBuildFile; fileRef = 3C4FDB0515ED616300D4B3AD /* CSDRFilter.m */; };
		3C5C0EE515899F0800A2EB52 /* CSDRSpectrumView.m in Sources */ = {isa = PBXBuildFile; fileRef = 3C5C0EE415899F0800A2EB52 /* CSDRSpectrumView.m */; };
		3C75F1D415929F990071DE3F /* spectrumShader.vert in CopyFiles */ = {isa = PBXBuildFile; fileRef = 3C75F1D215929F560071DE3F /* spectrumShader.vert */; };
		3C75F1DF159393700071DE3F /* ShaderProgram.m in Sources */ = {isa = PBXBuildFile; fileRef = 3C75F1DE159393700071DE3F /* ShaderProgram.m */; };
		3C75F1E21593C88E0071DE3F /* spectrumShader.frag in CopyFiles */ = {isa = PBXBuildFile; fileRef = 3C75F1E01593C7A90071DE3F /* spectrumShader.frag */; };
		3C75F1E31593C8910071DE3F /* waterfallShader.ogl in CopyFiles */ = {isa = PBXBuildFile; fileRef = 3C75F1D515938B860071DE3F /* waterfallShader.ogl */; };
		3C7CAB1615BDC51900E78D83 /* CoreAudio.framework in Frameworks */ = {isa = PBXBuildFile; fileRef = 3C7CAB1515BDC51900E78D83 /* CoreAudio.framework */; };
		3C7CAB1715BDC53600E78D83 /* AudioToolbox.framework in Frameworks */ = {isa = PBXBuildFile; fileRef = 3C7CAAF115BDC08F00E78D83 /* AudioToolbox.framework */; };
		3C7CAB1A15BDC53600E78D83 /* AudioUnit.framework in Frameworks */ = {isa = PBXBuildFile; fileRef = 3C7CAB1815BDC53600E78D83 /* AudioUnit.framework */; };
		3C7CAB1B15BDC53600E78D83 /* CoreAudioKit.framework in Frameworks */ = {isa = PBXBuildFile; fileRef = 3C7CAB1915BDC53600E78D83 /* CoreAudioKit.framework */; };
		3C85B57E15A649E300803A7B /* NetworkServer.m in Sources */ = {isa = PBXBuildFile; fileRef = 3C85B57B15A649E300803A7B /* NetworkServer.m */; };
		3C85B57F15A649E300803A7B /* NetworkSession.m in Sources */ = {isa = PBXBuildFile; fileRef = 3C85B57D15A649E300803A7B /* NetworkSession.m */; };
		3C9DCD2815EEBE7B0032EDD9 /* CSDRFFT.m in Sources */ = {isa = PBXBuildFile; fileRef = 3C9DCD2715EEBE7B0032EDD9 /* CSDRFFT.m */; };
		3CAC559E15D16F7C00FDFF2A /* README in Resources */ = {isa = PBXBuildFile; fileRef = 3CAC559D15D16F7C00FDFF2A /* README */; };
		3CE31D6D15F013DC00F0123B /* CSDRAudioDevice.m in Sources */ = {isa = PBXBuildFile; fileRef = 3CE31D6C15F013DB00F0123B /* CSDRAudioDevice.m */; };
		3CE31DB315F12E3800F0123B /* CSDRRingBuffer.m in Sources */ = {isa = PBXBuildFile; fileRef = 3CE31DB215F12E3800F0123B /* CSDRRingBuffer.m */; };
		3CE31DB515F130E500F0123B /* audioprobes.d in Sources */ = {isa = PBXBuildFile; fileRef = 3CE31DB415F130E500F0123B /* audioprobes.d */; };
/* End PBXBuildFile section */

/* Begin PBXContainerItemProxy section */
		3C44EA661604E3F100CF8BFC /* PBXContainerItemProxy */ = {
			isa = PBXContainerItemProxy;
			containerPortal = 3CFEE8FD15B877220077CF50 /* rtl-sdr.xcodeproj */;
			proxyType = 2;
			remoteGlobalIDString = 3C159966154DAEB00085A804;
			remoteInfo = "rtl-sdr";
		};
/* End PBXContainerItemProxy section */

/* Begin PBXCopyFilesBuildPhase section */
		3C44EA691604E52300CF8BFC /* CopyFiles */ = {
			isa = PBXCopyFilesBuildPhase;
			buildActionMask = 2147483647;
			dstPath = "";
			dstSubfolderSpec = 10;
			files = (
				3C44EA6A1604E52C00CF8BFC /* rtl-sdr.framework in CopyFiles */,
			);
			runOnlyForDeploymentPostprocessing = 0;
		};
		3C5C0ED615898DD400A2EB52 /* CopyFiles */ = {
			isa = PBXCopyFilesBuildPhase;
			buildActionMask = 2147483647;
			dstPath = "";
			dstSubfolderSpec = 7;
			files = (
				3C75F1D415929F990071DE3F /* spectrumShader.vert in CopyFiles */,
				3C75F1E21593C88E0071DE3F /* spectrumShader.frag in CopyFiles */,
				3C75F1E31593C8910071DE3F /* waterfallShader.ogl in CopyFiles */,
			);
			runOnlyForDeploymentPostprocessing = 0;
		};
/* End PBXCopyFilesBuildPhase section */

/* Begin PBXFileReference section */
		3C0654921599069F001A9CB7 /* downconvert.m */ = {isa = PBXFileReference; fileEncoding = 4; lastKnownFileType = sourcecode.c.objc; lineEnding = 0; path = downconvert.m; sourceTree = "<group>"; xcLanguageSpecificationIdentifier = xcode.lang.objc; };
		3C065494159906CF001A9CB7 /* dspRoutines.h */ = {isa = PBXFileReference; lastKnownFileType = sourcecode.c.h; lineEnding = 0; path = dspRoutines.h; sourceTree = "<group>"; xcLanguageSpecificationIdentifier = xcode.lang.objcpp; };
		3C27C4E415813348001FD108 /* CocoaRadio.app */ = {isa = PBXFileReference; explicitFileType = wrapper.application; includeInIndex = 0; path = CocoaRadio.app; sourceTree = BUILT_PRODUCTS_DIR; };
		3C27C4E815813348001FD108 /* Cocoa.framework */ = {isa = PBXFileReference; lastKnownFileType = wrapper.framework; name = Cocoa.framework; path = System/Library/Frameworks/Cocoa.framework; sourceTree = SDKROOT; };
		3C27C4EB15813348001FD108 /* AppKit.framework */ = {isa = PBXFileReference; lastKnownFileType = wrapper.framework; name = AppKit.framework; path = System/Library/Frameworks/AppKit.framework; sourceTree = SDKROOT; };
		3C27C4EC15813348001FD108 /* CoreData.framework */ = {isa = PBXFileReference; lastKnownFileType = wrapper.framework; name = CoreData.framework; path = System/Library/Frameworks/CoreData.framework; sourceTree = SDKROOT; };
		3C27C4ED15813348001FD108 /* Foundation.framework */ = {isa = PBXFileReference; lastKnownFileType = wrapper.framework; name = Foundation.framework; path = System/Library/Frameworks/Foundation.framework; sourceTree = SDKROOT; };
		3C27C4F015813348001FD108 /* Cocoa Radio-Info.plist */ = {isa = PBXFileReference; lastKnownFileType = text.plist.xml; path = "Cocoa Radio-Info.plist"; sourceTree = "<group>"; };
		3C27C4F215813348001FD108 /* en */ = {isa = PBXFileReference; lastKnownFileType = text.plist.strings; name = en; path = en.lproj/InfoPlist.strings; sourceTree = "<group>"; };
		3C27C4F415813348001FD108 /* main.m */ = {isa = PBXFileReference; lastKnownFileType = sourcecode.c.objc; lineEnding = 0; path = main.m; sourceTree = "<group>"; xcLanguageSpecificationIdentifier = xcode.lang.objc; };
		3C27C4F615813348001FD108 /* Cocoa Radio-Prefix.pch */ = {isa = PBXFileReference; lastKnownFileType = sourcecode.c.h; path = "Cocoa Radio-Prefix.pch"; sourceTree = "<group>"; };
		3C27C4F815813348001FD108 /* en */ = {isa = PBXFileReference; lastKnownFileType = text.rtf; name = en; path = en.lproj/Credits.rtf; sourceTree = "<group>"; };
		3C27C4FA15813348001FD108 /* CSDRAppDelegate.h */ = {isa = PBXFileReference; lastKnownFileType = sourcecode.c.h; lineEnding = 0; path = CSDRAppDelegate.h; sourceTree = "<group>"; xcLanguageSpecificationIdentifier = xcode.lang.objcpp; };
		3C27C4FB15813348001FD108 /* CSDRAppDelegate.m */ = {isa = PBXFileReference; lastKnownFileType = sourcecode.c.objc; lineEnding = 0; path = CSDRAppDelegate.m; sourceTree = "<group>"; xcLanguageSpecificationIdentifier = xcode.lang.objc; };
		3C27C4FE15813348001FD108 /* en */ = {isa = PBXFileReference; lastKnownFileType = file.xib; name = en; path = en.lproj/MainMenu.xib; sourceTree = "<group>"; };
		3C27C50F158153B5001FD108 /* Cocoa Radio.entitlements */ = {isa = PBXFileReference; lastKnownFileType = text.xml; path = "Cocoa Radio.entitlements"; sourceTree = "<group>"; };
		3C27C51715816B26001FD108 /* OpenGLController.h */ = {isa = PBXFileReference; fileEncoding = 4; lastKnownFileType = sourcecode.c.h; lineEnding = 0; path = OpenGLController.h; sourceTree = "<group>"; xcLanguageSpecificationIdentifier = xcode.lang.objcpp; };
		3C27C51815816B26001FD108 /* OpenGLController.m */ = {isa = PBXFileReference; fileEncoding = 4; lastKnownFileType = sourcecode.c.objc; lineEnding = 0; path = OpenGLController.m; sourceTree = "<group>"; xcLanguageSpecificationIdentifier = xcode.lang.objc; };
		3C27C51B15816B48001FD108 /* CSDRWaterfallView.h */ = {isa = PBXFileReference; fileEncoding = 4; lastKnownFileType = sourcecode.c.h; lineEnding = 0; path = CSDRWaterfallView.h; sourceTree = "<group>"; xcLanguageSpecificationIdentifier = xcode.lang.objcpp; };
		3C27C51C15816B48001FD108 /* CSDRWaterfallView.m */ = {isa = PBXFileReference; fileEncoding = 4; lastKnownFileType = sourcecode.c.objc; lineEnding = 0; path = CSDRWaterfallView.m; sourceTree = "<group>"; xcLanguageSpecificationIdentifier = xcode.lang.objc; };
		3C27C51E1581763E001FD108 /* OpenGLView.h */ = {isa = PBXFileReference; fileEncoding = 4; lastKnownFileType = sourcecode.c.h; lineEnding = 0; path = OpenGLView.h; sourceTree = "<group>"; xcLanguageSpecificationIdentifier = xcode.lang.objcpp; };
		3C27C51F1581763E001FD108 /* OpenGLView.m */ = {isa = PBXFileReference; fileEncoding = 4; lastKnownFileType = sourcecode.c.objc; lineEnding = 0; path = OpenGLView.m; sourceTree = "<group>"; xcLanguageSpecificationIdentifier = xcode.lang.objc; };
		3C27C52115817A16001FD108 /* OpenGL.framework */ = {isa = PBXFileReference; lastKnownFileType = wrapper.framework; name = OpenGL.framework; path = System/Library/Frameworks/OpenGL.framework; sourceTree = SDKROOT; };
		3C2E3DCE1582C4C3003BB124 /* Accelerate.framework */ = {isa = PBXFileReference; lastKnownFileType = wrapper.framework; name = Accelerate.framework; path = System/Library/Frameworks/Accelerate.framework; sourceTree = SDKROOT; };
		3C48BB4D15C1F17E0047BA39 /* delegateprobes.d */ = {isa = PBXFileReference; fileEncoding = 4; lastKnownFileType = sourcecode.dtrace; path = delegateprobes.d; sourceTree = "<group>"; };
		3C4FDAFE15ED60B900D4B3AD /* CSDRDemod.h */ = {isa = PBXFileReference; fileEncoding = 4; lastKnownFileType = sourcecode.c.h; path = CSDRDemod.h; sourceTree = "<group>"; };
		3C4FDAFF15ED60B900D4B3AD /* CSDRDemod.m */ = {isa = PBXFileReference; fileEncoding = 4; lastKnownFileType = sourcecode.c.objc; path = CSDRDemod.m; sourceTree = "<group>"; };
		3C4FDB0115ED611A00D4B3AD /* CSDRResampler.h */ = {isa = PBXFileReference; fileEncoding = 4; lastKnownFileType = sourcecode.c.h; path = CSDRResampler.h; sourceTree = "<group>"; };
		3C4FDB0215ED611A00D4B3AD /* CSDRResampler.m */ = {isa = PBXFileReference; fileEncoding = 4; lastKnownFileType = sourcecode.c.objc; path = CSDRResampler.m; sourceTree = "<group>"; };
		3C4FDB0415ED616300D4B3AD /* CSDRFilter.h */ = {isa = PBXFileReference; fileEncoding = 4; lastKnownFileType = sourcecode.c.h; path = CSDRFilter.h; sourceTree = "<group>"; };
		3C4FDB0515ED616300D4B3AD /* CSDRFilter.m */ = {isa = PBXFileReference; fileEncoding = 4; lastKnownFileType = sourcecode.c.objc; path = CSDRFilter.m; sourceTree = "<group>"; };
		3C5C0EE315899F0800A2EB52 /* CSDRSpectrumView.h */ = {isa = PBXFileReference; fileEncoding = 4; lastKnownFileType = sourcecode.c.h; lineEnding = 0; path = CSDRSpectrumView.h; sourceTree = "<group>"; xcLanguageSpecificationIdentifier = xcode.lang.objcpp; };
		3C5C0EE415899F0800A2EB52 /* CSDRSpectrumView.m */ = {isa = PBXFileReference; fileEncoding = 4; lastKnownFileType = sourcecode.c.objc; lineEnding = 0; path = CSDRSpectrumView.m; sourceTree = "<group>"; xcLanguageSpecificationIdentifier = xcode.lang.objc; };
		3C75F1D215929F560071DE3F /* spectrumShader.vert */ = {isa = PBXFileReference; fileEncoding = 4; lastKnownFileType = sourcecode.glsl; path = spectrumShader.vert; sourceTree = "<group>"; xcLanguageSpecificationIdentifier = xcode.lang.c; };
		3C75F1D515938B860071DE3F /* waterfallShader.ogl */ = {isa = PBXFileReference; fileEncoding = 4; lastKnownFileType = text; path = waterfallShader.ogl; sourceTree = "<group>"; xcLanguageSpecificationIdentifier = xcode.lang.c; };
		3C75F1DD159393700071DE3F /* ShaderProgram.h */ = {isa = PBXFileReference; fileEncoding = 4; lastKnownFileType = sourcecode.c.h; lineEnding = 0; path = ShaderProgram.h; sourceTree = "<group>"; xcLanguageSpecificationIdentifier = xcode.lang.objcpp; };
		3C75F1DE159393700071DE3F /* ShaderProgram.m */ = {isa = PBXFileReference; fileEncoding = 4; lastKnownFileType = sourcecode.c.objc; lineEnding = 0; path = ShaderProgram.m; sourceTree = "<group>"; xcLanguageSpecificationIdentifier = xcode.lang.objc; };
		3C75F1E01593C7A90071DE3F /* spectrumShader.frag */ = {isa = PBXFileReference; fileEncoding = 4; lastKnownFileType = sourcecode.glsl; path = spectrumShader.frag; sourceTree = "<group>"; };
		3C7CAAF115BDC08F00E78D83 /* AudioToolbox.framework */ = {isa = PBXFileReference; lastKnownFileType = wrapper.framework; name = AudioToolbox.framework; path = System/Library/Frameworks/AudioToolbox.framework; sourceTree = SDKROOT; };
		3C7CAB1515BDC51900E78D83 /* CoreAudio.framework */ = {isa = PBXFileReference; lastKnownFileType = wrapper.framework; name = CoreAudio.framework; path = System/Library/Frameworks/CoreAudio.framework; sourceTree = SDKROOT; };
		3C7CAB1815BDC53600E78D83 /* AudioUnit.framework */ = {isa = PBXFileReference; lastKnownFileType = wrapper.framework; name = AudioUnit.framework; path = System/Library/Frameworks/AudioUnit.framework; sourceTree = SDKROOT; };
		3C7CAB1915BDC53600E78D83 /* CoreAudioKit.framework */ = {isa = PBXFileReference; lastKnownFileType = wrapper.framework; name = CoreAudioKit.framework; path = System/Library/Frameworks/CoreAudioKit.framework; sourceTree = SDKROOT; };
		3C85B57A15A649E300803A7B /* NetworkServer.h */ = {isa = PBXFileReference; fileEncoding = 4; lastKnownFileType = sourcecode.c.h; lineEnding = 0; path = NetworkServer.h; sourceTree = "<group>"; xcLanguageSpecificationIdentifier = xcode.lang.objcpp; };
		3C85B57B15A649E300803A7B /* NetworkServer.m */ = {isa = PBXFileReference; fileEncoding = 4; lastKnownFileType = sourcecode.c.objc; lineEnding = 0; path = NetworkServer.m; sourceTree = "<group>"; xcLanguageSpecificationIdentifier = xcode.lang.objc; };
		3C85B57C15A649E300803A7B /* NetworkSession.h */ = {isa = PBXFileReference; fileEncoding = 4; lastKnownFileType = sourcecode.c.h; lineEnding = 0; path = NetworkSession.h; sourceTree = "<group>"; xcLanguageSpecificationIdentifier = xcode.lang.objcpp; };
		3C85B57D15A649E300803A7B /* NetworkSession.m */ = {isa = PBXFileReference; fileEncoding = 4; lastKnownFileType = sourcecode.c.objc; lineEnding = 0; path = NetworkSession.m; sourceTree = "<group>"; xcLanguageSpecificationIdentifier = xcode.lang.objc; };
		3C9DCD2715EEBE7B0032EDD9 /* CSDRFFT.m */ = {isa = PBXFileReference; fileEncoding = 4; lastKnownFileType = sourcecode.c.objc; path = CSDRFFT.m; sourceTree = "<group>"; };
		3CAC559D15D16F7C00FDFF2A /* README */ = {isa = PBXFileReference; fileEncoding = 4; lastKnownFileType = text; name = README; path = ../README; sourceTree = "<group>"; };
		3CC633881603B0560061DD95 /* CSDRFFT.h */ = {isa = PBXFileReference; fileEncoding = 4; lastKnownFileType = sourcecode.c.h; path = CSDRFFT.h; sourceTree = "<group>"; };
		3CE31D6B15F013DB00F0123B /* CSDRAudioDevice.h */ = {isa = PBXFileReference; fileEncoding = 4; lastKnownFileType = sourcecode.c.h; path = CSDRAudioDevice.h; sourceTree = "<group>"; };
		3CE31D6C15F013DB00F0123B /* CSDRAudioDevice.m */ = {isa = PBXFileReference; fileEncoding = 4; lastKnownFileType = sourcecode.c.objc; path = CSDRAudioDevice.m; sourceTree = "<group>"; };
		3CE31DB115F12E3800F0123B /* CSDRRingBuffer.h */ = {isa = PBXFileReference; fileEncoding = 4; lastKnownFileType = sourcecode.c.h; path = CSDRRingBuffer.h; sourceTree = "<group>"; };
		3CE31DB215F12E3800F0123B /* CSDRRingBuffer.m */ = {isa = PBXFileReference; fileEncoding = 4; lastKnownFileType = sourcecode.c.objc; path = CSDRRingBuffer.m; sourceTree = "<group>"; };
		3CE31DB415F130E500F0123B /* audioprobes.d */ = {isa = PBXFileReference; fileEncoding = 4; lastKnownFileType = sourcecode.dtrace; path = audioprobes.d; sourceTree = "<group>"; xcLanguageSpecificationIdentifier = xcode.lang.c; };
		3CFEE8FD15B877220077CF50 /* rtl-sdr.xcodeproj */ = {isa = PBXFileReference; lastKnownFileType = "wrapper.pb-project"; name = "rtl-sdr.xcodeproj"; path = "../rtl-sdr/rtl-sdr.xcodeproj"; sourceTree = "<group>"; };
/* End PBXFileReference section */

/* Begin PBXFrameworksBuildPhase section */
		3C27C4E115813348001FD108 /* Frameworks */ = {
			isa = PBXFrameworksBuildPhase;
			buildActionMask = 2147483647;
			files = (
				3C7CAB1A15BDC53600E78D83 /* AudioUnit.framework in Frameworks */,
				3C7CAB1B15BDC53600E78D83 /* CoreAudioKit.framework in Frameworks */,
				3C7CAB1715BDC53600E78D83 /* AudioToolbox.framework in Frameworks */,
				3C44EA681604E40B00CF8BFC /* rtl-sdr.framework in Frameworks */,
				3C7CAB1615BDC51900E78D83 /* CoreAudio.framework in Frameworks */,
				3C2E3DCF1582C4C3003BB124 /* Accelerate.framework in Frameworks */,
				3C27C52215817A16001FD108 /* OpenGL.framework in Frameworks */,
				3C27C4E915813348001FD108 /* Cocoa.framework in Frameworks */,
			);
			runOnlyForDeploymentPostprocessing = 0;
		};
/* End PBXFrameworksBuildPhase section */

/* Begin PBXGroup section */
		3C06549115990681001A9CB7 /* DSP Routines */ = {
			isa = PBXGroup;
			children = (
				3C0654921599069F001A9CB7 /* downconvert.m */,
				3C065494159906CF001A9CB7 /* dspRoutines.h */,
				3CC633881603B0560061DD95 /* CSDRFFT.h */,
				3C9DCD2715EEBE7B0032EDD9 /* CSDRFFT.m */,
				3C4FDB0415ED616300D4B3AD /* CSDRFilter.h */,
				3C4FDB0515ED616300D4B3AD /* CSDRFilter.m */,
				3C4FDB0115ED611A00D4B3AD /* CSDRResampler.h */,
				3C4FDB0215ED611A00D4B3AD /* CSDRResampler.m */,
				3C4FDAFE15ED60B900D4B3AD /* CSDRDemod.h */,
				3C4FDAFF15ED60B900D4B3AD /* CSDRDemod.m */,
			);
			name = "DSP Routines";
			sourceTree = "<group>";
		};
		3C27C4D915813348001FD108 = {
			isa = PBXGroup;
			children = (
				3CFEE8FD15B877220077CF50 /* rtl-sdr.xcodeproj */,
				3C27C4EE15813348001FD108 /* Cocoa Radio */,
				3C27C4E715813348001FD108 /* Frameworks */,
				3C27C4E515813348001FD108 /* Products */,
			);
			sourceTree = "<group>";
		};
		3C27C4E515813348001FD108 /* Products */ = {
			isa = PBXGroup;
			children = (
				3C27C4E415813348001FD108 /* CocoaRadio.app */,
			);
			name = Products;
			sourceTree = "<group>";
		};
		3C27C4E715813348001FD108 /* Frameworks */ = {
			isa = PBXGroup;
			children = (
				3C7CAB1815BDC53600E78D83 /* AudioUnit.framework */,
				3C7CAB1915BDC53600E78D83 /* CoreAudioKit.framework */,
				3C7CAB1515BDC51900E78D83 /* CoreAudio.framework */,
				3C7CAAF115BDC08F00E78D83 /* AudioToolbox.framework */,
				3C2E3DCE1582C4C3003BB124 /* Accelerate.framework */,
				3C27C52115817A16001FD108 /* OpenGL.framework */,
				3C27C4E815813348001FD108 /* Cocoa.framework */,
				3C27C4EA15813348001FD108 /* Other Frameworks */,
			);
			name = Frameworks;
			sourceTree = "<group>";
		};
		3C27C4EA15813348001FD108 /* Other Frameworks */ = {
			isa = PBXGroup;
			children = (
				3C27C4EB15813348001FD108 /* AppKit.framework */,
				3C27C4EC15813348001FD108 /* CoreData.framework */,
				3C27C4ED15813348001FD108 /* Foundation.framework */,
			);
			name = "Other Frameworks";
			sourceTree = "<group>";
		};
		3C27C4EE15813348001FD108 /* Cocoa Radio */ = {
			isa = PBXGroup;
			children = (
				3C7CAAEB15BDA01900E78D83 /* Audio */,
				3C85B57415A632C400803A7B /* Network */,
				3C06549115990681001A9CB7 /* DSP Routines */,
				3C27C51A15816B2A001FD108 /* Views */,
				3C27C50F158153B5001FD108 /* Cocoa Radio.entitlements */,
				3C27C4FA15813348001FD108 /* CSDRAppDelegate.h */,
				3C27C4FB15813348001FD108 /* CSDRAppDelegate.m */,
				3C48BB4D15C1F17E0047BA39 /* delegateprobes.d */,
				3CAC559D15D16F7C00FDFF2A /* README */,
				3C27C4FD15813348001FD108 /* MainMenu.xib */,
				3C27C4EF15813348001FD108 /* Supporting Files */,
			);
			path = "Cocoa Radio";
			sourceTree = "<group>";
		};
		3C27C4EF15813348001FD108 /* Supporting Files */ = {
			isa = PBXGroup;
			children = (
				3C27C4F015813348001FD108 /* Cocoa Radio-Info.plist */,
				3C27C4F115813348001FD108 /* InfoPlist.strings */,
				3C27C4F415813348001FD108 /* main.m */,
				3C27C4F615813348001FD108 /* Cocoa Radio-Prefix.pch */,
				3C27C4F715813348001FD108 /* Credits.rtf */,
			);
			name = "Supporting Files";
			sourceTree = "<group>";
		};
		3C27C51A15816B2A001FD108 /* Views */ = {
			isa = PBXGroup;
			children = (
				3C27C52315817A5B001FD108 /* OpenGL */,
				3C75F1D215929F560071DE3F /* spectrumShader.vert */,
				3C75F1E01593C7A90071DE3F /* spectrumShader.frag */,
				3C75F1D515938B860071DE3F /* waterfallShader.ogl */,
				3C5C0EE315899F0800A2EB52 /* CSDRSpectrumView.h */,
				3C5C0EE415899F0800A2EB52 /* CSDRSpectrumView.m */,
				3C27C51B15816B48001FD108 /* CSDRWaterfallView.h */,
				3C27C51C15816B48001FD108 /* CSDRWaterfallView.m */,
			);
			name = Views;
			sourceTree = "<group>";
		};
		3C27C52315817A5B001FD108 /* OpenGL */ = {
			isa = PBXGroup;
			children = (
				3C75F1DD159393700071DE3F /* ShaderProgram.h */,
				3C75F1DE159393700071DE3F /* ShaderProgram.m */,
				3C27C51E1581763E001FD108 /* OpenGLView.h */,
				3C27C51F1581763E001FD108 /* OpenGLView.m */,
				3C27C51715816B26001FD108 /* OpenGLController.h */,
				3C27C51815816B26001FD108 /* OpenGLController.m */,
			);
			name = OpenGL;
			sourceTree = "<group>";
		};
		3C44EA631604E3F100CF8BFC /* Products */ = {
			isa = PBXGroup;
			children = (
				3C44EA671604E3F100CF8BFC /* rtl-sdr.framework */,
			);
			name = Products;
			sourceTree = "<group>";
		};
		3C7CAAEB15BDA01900E78D83 /* Audio */ = {
			isa = PBXGroup;
			children = (
				3CE31D6B15F013DB00F0123B /* CSDRAudioDevice.h */,
				3CE31D6C15F013DB00F0123B /* CSDRAudioDevice.m */,
				3CE31DB115F12E3800F0123B /* CSDRRingBuffer.h */,
				3CE31DB215F12E3800F0123B /* CSDRRingBuffer.m */,
				3CE31DB415F130E500F0123B /* audioprobes.d */,
			);
			name = Audio;
			sourceTree = "<group>";
		};
		3C85B57415A632C400803A7B /* Network */ = {
			isa = PBXGroup;
			children = (
				3C85B57A15A649E300803A7B /* NetworkServer.h */,
				3C85B57B15A649E300803A7B /* NetworkServer.m */,
				3C85B57C15A649E300803A7B /* NetworkSession.h */,
				3C85B57D15A649E300803A7B /* NetworkSession.m */,
			);
			name = Network;
			sourceTree = "<group>";
		};
/* End PBXGroup section */

/* Begin PBXNativeTarget section */
		3C27C4E315813348001FD108 /* Cocoa Radio */ = {
			isa = PBXNativeTarget;
			buildConfigurationList = 3C27C50215813348001FD108 /* Build configuration list for PBXNativeTarget "Cocoa Radio" */;
			buildPhases = (
				3C27C4E015813348001FD108 /* Sources */,
				3C27C4E115813348001FD108 /* Frameworks */,
				3C27C4E215813348001FD108 /* Resources */,
				3C5C0ED615898DD400A2EB52 /* CopyFiles */,
				3C44EA691604E52300CF8BFC /* CopyFiles */,
			);
			buildRules = (
			);
			dependencies = (
			);
			name = "Cocoa Radio";
			productName = "Cocoa Radio";
			productReference = 3C27C4E415813348001FD108 /* CocoaRadio.app */;
			productType = "com.apple.product-type.application";
		};
/* End PBXNativeTarget section */

/* Begin PBXProject section */
		3C27C4DB15813348001FD108 /* Project object */ = {
			isa = PBXProject;
			attributes = {
				CLASSPREFIX = CSDR;
				LastUpgradeCheck = 0450;
				ORGANIZATIONNAME = "Oregon State University (COAS)";
			};
			buildConfigurationList = 3C27C4DE15813348001FD108 /* Build configuration list for PBXProject "Cocoa Radio" */;
			compatibilityVersion = "Xcode 3.2";
			developmentRegion = English;
			hasScannedForEncodings = 0;
			knownRegions = (
				en,
			);
			mainGroup = 3C27C4D915813348001FD108;
			productRefGroup = 3C27C4E515813348001FD108 /* Products */;
			projectDirPath = "";
			projectReferences = (
				{
					ProductGroup = 3C44EA631604E3F100CF8BFC /* Products */;
					ProjectRef = 3CFEE8FD15B877220077CF50 /* rtl-sdr.xcodeproj */;
				},
			);
			projectRoot = "";
			targets = (
				3C27C4E315813348001FD108 /* Cocoa Radio */,
			);
		};
/* End PBXProject section */

/* Begin PBXReferenceProxy section */
		3C44EA671604E3F100CF8BFC /* rtl-sdr.framework */ = {
			isa = PBXReferenceProxy;
			fileType = wrapper.framework;
			path = "rtl-sdr.framework";
			remoteRef = 3C44EA661604E3F100CF8BFC /* PBXContainerItemProxy */;
			sourceTree = BUILT_PRODUCTS_DIR;
		};
/* End PBXReferenceProxy section */

/* Begin PBXResourcesBuildPhase section */
		3C27C4E215813348001FD108 /* Resources */ = {
			isa = PBXResourcesBuildPhase;
			buildActionMask = 2147483647;
			files = (
				3C27C4F315813348001FD108 /* InfoPlist.strings in Resources */,
				3C27C4F915813348001FD108 /* Credits.rtf in Resources */,
				3C27C4FF15813348001FD108 /* MainMenu.xib in Resources */,
				3CAC559E15D16F7C00FDFF2A /* README in Resources */,
			);
			runOnlyForDeploymentPostprocessing = 0;
		};
/* End PBXResourcesBuildPhase section */

/* Begin PBXSourcesBuildPhase section */
		3C27C4E015813348001FD108 /* Sources */ = {
			isa = PBXSourcesBuildPhase;
			buildActionMask = 2147483647;
			files = (
				3C27C4F515813348001FD108 /* main.m in Sources */,
				3C27C4FC15813348001FD108 /* CSDRAppDelegate.m in Sources */,
				3C27C51915816B26001FD108 /* OpenGLController.m in Sources */,
				3C27C51D15816B48001FD108 /* CSDRWaterfallView.m in Sources */,
				3C27C5201581763E001FD108 /* OpenGLView.m in Sources */,
				3C5C0EE515899F0800A2EB52 /* CSDRSpectrumView.m in Sources */,
				3C75F1DF159393700071DE3F /* ShaderProgram.m in Sources */,
				3C0654931599069F001A9CB7 /* downconvert.m in Sources */,
				3C85B57E15A649E300803A7B /* NetworkServer.m in Sources */,
				3C85B57F15A649E300803A7B /* NetworkSession.m in Sources */,
				3C48BB4E15C1F17E0047BA39 /* delegateprobes.d in Sources */,
				3C4FDB0015ED60B900D4B3AD /* CSDRDemod.m in Sources */,
				3C4FDB0315ED611A00D4B3AD /* CSDRResampler.m in Sources */,
				3C4FDB0615ED616400D4B3AD /* CSDRFilter.m in Sources */,
				3C9DCD2815EEBE7B0032EDD9 /* CSDRFFT.m in Sources */,
				3CE31D6D15F013DC00F0123B /* CSDRAudioDevice.m in Sources */,
				3CE31DB315F12E3800F0123B /* CSDRRingBuffer.m in Sources */,
				3CE31DB515F130E500F0123B /* audioprobes.d in Sources */,
			);
			runOnlyForDeploymentPostprocessing = 0;
		};
/* End PBXSourcesBuildPhase section */

/* Begin PBXVariantGroup section */
		3C27C4F115813348001FD108 /* InfoPlist.strings */ = {
			isa = PBXVariantGroup;
			children = (
				3C27C4F215813348001FD108 /* en */,
			);
			name = InfoPlist.strings;
			sourceTree = "<group>";
		};
		3C27C4F715813348001FD108 /* Credits.rtf */ = {
			isa = PBXVariantGroup;
			children = (
				3C27C4F815813348001FD108 /* en */,
			);
			name = Credits.rtf;
			sourceTree = "<group>";
		};
		3C27C4FD15813348001FD108 /* MainMenu.xib */ = {
			isa = PBXVariantGroup;
			children = (
				3C27C4FE15813348001FD108 /* en */,
			);
			name = MainMenu.xib;
			sourceTree = "<group>";
		};
/* End PBXVariantGroup section */

/* Begin XCBuildConfiguration section */
		3C27C50015813348001FD108 /* Debug */ = {
			isa = XCBuildConfiguration;
			buildSettings = {
				ALWAYS_SEARCH_USER_PATHS = NO;
				ARCHS = "$(ARCHS_STANDARD_64_BIT)";
				COMBINE_HIDPI_IMAGES = YES;
				COPY_PHASE_STRIP = NO;
				GCC_C_LANGUAGE_STANDARD = gnu99;
				GCC_DYNAMIC_NO_PIC = NO;
				GCC_ENABLE_OBJC_EXCEPTIONS = YES;
				GCC_OPTIMIZATION_LEVEL = 0;
				GCC_PREPROCESSOR_DEFINITIONS = (
					"DEBUG=1",
					"$(inherited)",
				);
				GCC_SYMBOLS_PRIVATE_EXTERN = NO;
				GCC_VERSION = com.apple.compilers.llvm.clang.1_0;
				GCC_WARN_64_TO_32_BIT_CONVERSION = YES;
				GCC_WARN_ABOUT_RETURN_TYPE = YES;
				GCC_WARN_UNINITIALIZED_AUTOS = YES;
				GCC_WARN_UNUSED_VARIABLE = YES;
				MACOSX_DEPLOYMENT_TARGET = 10.6;
				ONLY_ACTIVE_ARCH = YES;
				SDKROOT = macosx10.7;
			};
			name = Debug;
		};
		3C27C50115813348001FD108 /* Release */ = {
			isa = XCBuildConfiguration;
			buildSettings = {
				ALWAYS_SEARCH_USER_PATHS = NO;
				ARCHS = "$(ARCHS_STANDARD_64_BIT)";
				COMBINE_HIDPI_IMAGES = YES;
				COPY_PHASE_STRIP = YES;
				DEBUG_INFORMATION_FORMAT = "dwarf-with-dsym";
				GCC_C_LANGUAGE_STANDARD = gnu99;
				GCC_ENABLE_OBJC_EXCEPTIONS = YES;
				GCC_VERSION = com.apple.compilers.llvm.clang.1_0;
				GCC_WARN_64_TO_32_BIT_CONVERSION = YES;
				GCC_WARN_ABOUT_RETURN_TYPE = YES;
				GCC_WARN_UNINITIALIZED_AUTOS = YES;
				GCC_WARN_UNUSED_VARIABLE = YES;
				MACOSX_DEPLOYMENT_TARGET = 10.6;
				SDKROOT = macosx10.7;
			};
			name = Release;
		};
		3C27C50315813348001FD108 /* Debug */ = {
			isa = XCBuildConfiguration;
			buildSettings = {
				CLANG_ENABLE_OBJC_ARC = YES;
				CODE_SIGN_ENTITLEMENTS = "Cocoa Radio/Cocoa Radio.entitlements";
				CODE_SIGN_IDENTITY = "";
				GCC_PRECOMPILE_PREFIX_HEADER = YES;
				GCC_PREFIX_HEADER = "Cocoa Radio/Cocoa Radio-Prefix.pch";
				INFOPLIST_FILE = "Cocoa Radio/Cocoa Radio-Info.plist";
				MACOSX_DEPLOYMENT_TARGET = 10.6;
				PRODUCT_NAME = CocoaRadio;
				SDKROOT = "";
				WRAPPER_EXTENSION = app;
			};
			name = Debug;
		};
		3C27C50415813348001FD108 /* Release */ = {
			isa = XCBuildConfiguration;
			buildSettings = {
				CLANG_ENABLE_OBJC_ARC = YES;
				CODE_SIGN_ENTITLEMENTS = "Cocoa Radio/Cocoa Radio.entitlements";
				CODE_SIGN_IDENTITY = "";
				GCC_PRECOMPILE_PREFIX_HEADER = YES;
				GCC_PREFIX_HEADER = "Cocoa Radio/Cocoa Radio-Prefix.pch";
				INFOPLIST_FILE = "Cocoa Radio/Cocoa Radio-Info.plist";
				MACOSX_DEPLOYMENT_TARGET = 10.6;
				PRODUCT_NAME = CocoaRadio;
				SDKROOT = "";
				WRAPPER_EXTENSION = app;
			};
			name = Release;
		};
/* End XCBuildConfiguration section */

/* Begin XCConfigurationList section */
		3C27C4DE15813348001FD108 /* Build configuration list for PBXProject "Cocoa Radio" */ = {
			isa = XCConfigurationList;
			buildConfigurations = (
				3C27C50015813348001FD108 /* Debug */,
				3C27C50115813348001FD108 /* Release */,
			);
			defaultConfigurationIsVisible = 0;
			defaultConfigurationName = Release;
		};
		3C27C50215813348001FD108 /* Build configuration list for PBXNativeTarget "Cocoa Radio" */ = {
			isa = XCConfigurationList;
			buildConfigurations = (
				3C27C50315813348001FD108 /* Debug */,
				3C27C50415813348001FD108 /* Release */,
			);
			defaultConfigurationIsVisible = 0;
			defaultConfigurationName = Release;
		};
/* End XCConfigurationList section */
	};
	rootObject = 3C27C4DB15813348001FD108 /* Project object */;
}
